
Microsoft Visual Studio Solution File, Format Version 12.00
# Visual Studio Version 17
VisualStudioVersion = 17.4.33205.214
MinimumVisualStudioVersion = 10.0.40219.1
Project("{FAE04EC0-301F-11D3-BF4B-00C04F79EFBC}") = "hazir_kutuphaneler", "hazir_kutuphaneler\hazir_kutuphaneler.csproj", "{31FB0173-CA6C-4F7D-A3D1-16955E8FB91E}"
EndProject
Global
	GlobalSection(SolutionConfigurationPlatforms) = preSolution
		Debug|Any CPU = Debug|Any CPU
		Release|Any CPU = Release|Any CPU
	EndGlobalSection
	GlobalSection(ProjectConfigurationPlatforms) = postSolution
		{31FB0173-CA6C-4F7D-A3D1-16955E8FB91E}.Debug|Any CPU.ActiveCfg = Debug|Any CPU
		{31FB0173-CA6C-4F7D-A3D1-16955E8FB91E}.Debug|Any CPU.Build.0 = Debug|Any CPU
		{31FB0173-CA6C-4F7D-A3D1-16955E8FB91E}.Release|Any CPU.ActiveCfg = Release|Any CPU
		{31FB0173-CA6C-4F7D-A3D1-16955E8FB91E}.Release|Any CPU.Build.0 = Release|Any CPU
	EndGlobalSection
	GlobalSection(SolutionProperties) = preSolution
		HideSolutionNode = FALSE
	EndGlobalSection
	GlobalSection(ExtensibilityGlobals) = postSolution
		SolutionGuid = {9188FCA5-4243-4BD2-8431-DECB5B9E3C7E}
	EndGlobalSection
EndGlobal
