
Microsoft Visual Studio Solution File, Format Version 12.00
# Visual Studio Version 17
VisualStudioVersion = 17.4.33122.133
MinimumVisualStudioVersion = 10.0.40219.1
Project("{FAE04EC0-301F-11D3-BF4B-00C04F79EFBC}") = "ConsoleApp1", "ConsoleApp1\ConsoleApp1.csproj", "{A0054367-2E5A-4C7B-841C-F8F134C0C5AB}"
EndProject
Global
	GlobalSection(SolutionConfigurationPlatforms) = preSolution
		Debug|Any CPU = Debug|Any CPU
		Release|Any CPU = Release|Any CPU
	EndGlobalSection
	GlobalSection(ProjectConfigurationPlatforms) = postSolution
		{A0054367-2E5A-4C7B-841C-F8F134C0C5AB}.Debug|Any CPU.ActiveCfg = Debug|Any CPU
		{A0054367-2E5A-4C7B-841C-F8F134C0C5AB}.Debug|Any CPU.Build.0 = Debug|Any CPU
		{A0054367-2E5A-4C7B-841C-F8F134C0C5AB}.Release|Any CPU.ActiveCfg = Release|Any CPU
		{A0054367-2E5A-4C7B-841C-F8F134C0C5AB}.Release|Any CPU.Build.0 = Release|Any CPU
	EndGlobalSection
	GlobalSection(SolutionProperties) = preSolution
		HideSolutionNode = FALSE
	EndGlobalSection
	GlobalSection(ExtensibilityGlobals) = postSolution
		SolutionGuid = {5CE35FFA-F076-4413-9B0E-78F553778943}
	EndGlobalSection
EndGlobal
