
Microsoft Visual Studio Solution File, Format Version 12.00
# Visual Studio Version 17
VisualStudioVersion = 17.5.33516.290
MinimumVisualStudioVersion = 10.0.40219.1
Project("{FAE04EC0-301F-11D3-BF4B-00C04F79EFBC}") = "Layout", "Layout\Layout.csproj", "{C945B0FF-1D8A-4C73-B04E-E00E4938F14F}"
EndProject
Global
	GlobalSection(SolutionConfigurationPlatforms) = preSolution
		Debug|Any CPU = Debug|Any CPU
		Release|Any CPU = Release|Any CPU
	EndGlobalSection
	GlobalSection(ProjectConfigurationPlatforms) = postSolution
		{C945B0FF-1D8A-4C73-B04E-E00E4938F14F}.Debug|Any CPU.ActiveCfg = Debug|Any CPU
		{C945B0FF-1D8A-4C73-B04E-E00E4938F14F}.Debug|Any CPU.Build.0 = Debug|Any CPU
		{C945B0FF-1D8A-4C73-B04E-E00E4938F14F}.Release|Any CPU.ActiveCfg = Release|Any CPU
		{C945B0FF-1D8A-4C73-B04E-E00E4938F14F}.Release|Any CPU.Build.0 = Release|Any CPU
	EndGlobalSection
	GlobalSection(SolutionProperties) = preSolution
		HideSolutionNode = FALSE
	EndGlobalSection
	GlobalSection(ExtensibilityGlobals) = postSolution
		SolutionGuid = {6EF15FEC-5455-426A-8D6E-FE9E524D7395}
	EndGlobalSection
EndGlobal
