
Microsoft Visual Studio Solution File, Format Version 12.00
# Visual Studio Version 17
VisualStudioVersion = 17.5.33414.496
MinimumVisualStudioVersion = 10.0.40219.1
Project("{FAE04EC0-301F-11D3-BF4B-00C04F79EFBC}") = "View", "View\View.csproj", "{2CE698DB-CB44-4D10-8899-B7D5FD721CD1}"
EndProject
Global
	GlobalSection(SolutionConfigurationPlatforms) = preSolution
		Debug|Any CPU = Debug|Any CPU
		Release|Any CPU = Release|Any CPU
	EndGlobalSection
	GlobalSection(ProjectConfigurationPlatforms) = postSolution
		{2CE698DB-CB44-4D10-8899-B7D5FD721CD1}.Debug|Any CPU.ActiveCfg = Debug|Any CPU
		{2CE698DB-CB44-4D10-8899-B7D5FD721CD1}.Debug|Any CPU.Build.0 = Debug|Any CPU
		{2CE698DB-CB44-4D10-8899-B7D5FD721CD1}.Release|Any CPU.ActiveCfg = Release|Any CPU
		{2CE698DB-CB44-4D10-8899-B7D5FD721CD1}.Release|Any CPU.Build.0 = Release|Any CPU
	EndGlobalSection
	GlobalSection(SolutionProperties) = preSolution
		HideSolutionNode = FALSE
	EndGlobalSection
	GlobalSection(ExtensibilityGlobals) = postSolution
		SolutionGuid = {2E5909C9-F84D-4C73-B1B4-64133318E000}
	EndGlobalSection
EndGlobal
