
Microsoft Visual Studio Solution File, Format Version 12.00
# Visual Studio Version 17
VisualStudioVersion = 17.4.33205.214
MinimumVisualStudioVersion = 10.0.40219.1
Project("{FAE04EC0-301F-11D3-BF4B-00C04F79EFBC}") = "StringFonksiyonlar", "StringFonksiyonlar\StringFonksiyonlar.csproj", "{91E4A4B4-46F5-4A98-AAED-29252464530A}"
EndProject
Global
	GlobalSection(SolutionConfigurationPlatforms) = preSolution
		Debug|Any CPU = Debug|Any CPU
		Release|Any CPU = Release|Any CPU
	EndGlobalSection
	GlobalSection(ProjectConfigurationPlatforms) = postSolution
		{91E4A4B4-46F5-4A98-AAED-29252464530A}.Debug|Any CPU.ActiveCfg = Debug|Any CPU
		{91E4A4B4-46F5-4A98-AAED-29252464530A}.Debug|Any CPU.Build.0 = Debug|Any CPU
		{91E4A4B4-46F5-4A98-AAED-29252464530A}.Release|Any CPU.ActiveCfg = Release|Any CPU
		{91E4A4B4-46F5-4A98-AAED-29252464530A}.Release|Any CPU.Build.0 = Release|Any CPU
	EndGlobalSection
	GlobalSection(SolutionProperties) = preSolution
		HideSolutionNode = FALSE
	EndGlobalSection
	GlobalSection(ExtensibilityGlobals) = postSolution
		SolutionGuid = {0E342DA9-0D0F-4024-AC6B-23DE1D2BE99B}
	EndGlobalSection
EndGlobal
