
Microsoft Visual Studio Solution File, Format Version 12.00
# Visual Studio Version 17
VisualStudioVersion = 17.4.33205.214
MinimumVisualStudioVersion = 10.0.40219.1
Project("{FAE04EC0-301F-11D3-BF4B-00C04F79EFBC}") = "koleksiyonlar", "koleksiyonlar\koleksiyonlar.csproj", "{3EBB0082-FA41-4960-807F-9F3929B18B39}"
EndProject
Global
	GlobalSection(SolutionConfigurationPlatforms) = preSolution
		Debug|Any CPU = Debug|Any CPU
		Release|Any CPU = Release|Any CPU
	EndGlobalSection
	GlobalSection(ProjectConfigurationPlatforms) = postSolution
		{3EBB0082-FA41-4960-807F-9F3929B18B39}.Debug|Any CPU.ActiveCfg = Debug|Any CPU
		{3EBB0082-FA41-4960-807F-9F3929B18B39}.Debug|Any CPU.Build.0 = Debug|Any CPU
		{3EBB0082-FA41-4960-807F-9F3929B18B39}.Release|Any CPU.ActiveCfg = Release|Any CPU
		{3EBB0082-FA41-4960-807F-9F3929B18B39}.Release|Any CPU.Build.0 = Release|Any CPU
	EndGlobalSection
	GlobalSection(SolutionProperties) = preSolution
		HideSolutionNode = FALSE
	EndGlobalSection
	GlobalSection(ExtensibilityGlobals) = postSolution
		SolutionGuid = {3ABFDC81-2782-4839-BE9B-4AB80803A302}
	EndGlobalSection
EndGlobal
